// !$*UTF8*$!
{
	archiveVersion = 1;
	classes = {
	};
	objectVersion = 45;
	objects = {

/* Begin PBXBuildFile section */
		1DDD58160DA1D0A300B32029 /* MainMenu.xib in Resources */ = {isa = PBXBuildFile; fileRef = 1DDD58140DA1D0A300B32029 /* MainMenu.xib */; };
		1E433D400F8339DD001FC357 /* USURLShrinker.h in Headers */ = {isa = PBXBuildFile; fileRef = AA796A870F811D1800D9C477 /* USURLShrinker.h */; };
		1E433D410F8339DD001FC357 /* USURLShrinker.m in Sources */ = {isa = PBXBuildFile; fileRef = AA796A880F811D1800D9C477 /* USURLShrinker.m */; };
		1E433D440F8339DD001FC357 /* USShrinkController.h in Headers */ = {isa = PBXBuildFile; fileRef = AA796C3A0F8130EE00D9C477 /* USShrinkController.h */; };
		1E433D450F8339DD001FC357 /* USShrinkController.m in Sources */ = {isa = PBXBuildFile; fileRef = AA796C3B0F8130EE00D9C477 /* USShrinkController.m */; };
		1E433D460F8339DD001FC357 /* USIncludes.h in Headers */ = {isa = PBXBuildFile; fileRef = AA796C610F81386500D9C477 /* USIncludes.h */; };
		1E433D470F8339DD001FC357 /* USIsGdShrinker.h in Headers */ = {isa = PBXBuildFile; fileRef = AA796C850F813BB100D9C477 /* USIsGdShrinker.h */; };
		1E433D480F8339DD001FC357 /* USIsGdShrinker.m in Sources */ = {isa = PBXBuildFile; fileRef = AA796C860F813BB100D9C477 /* USIsGdShrinker.m */; };
		1E433D490F8339DD001FC357 /* USLoopbackShrinker.h in Headers */ = {isa = PBXBuildFile; fileRef = AA796D3A0F8144E200D9C477 /* USLoopbackShrinker.h */; };
		1E433D4A0F8339DD001FC357 /* USLoopbackShrinker.m in Sources */ = {isa = PBXBuildFile; fileRef = AA796D3B0F8144E200D9C477 /* USLoopbackShrinker.m */; };
		1E433D4B0F8339DD001FC357 /* USTinyurlShrinker.h in Headers */ = {isa = PBXBuildFile; fileRef = 1E8D94E00F81808200C77274 /* USTinyurlShrinker.h */; };
		1E433D4C0F8339DD001FC357 /* USTinyurlShrinker.m in Sources */ = {isa = PBXBuildFile; fileRef = 1E8D94E10F81808200C77274 /* USTinyurlShrinker.m */; };
		1E433D4D0F8339F7001FC357 /* Cocoa.framework in Frameworks */ = {isa = PBXBuildFile; fileRef = 1058C7A1FEA54F0111CA2CBB /* Cocoa.framework */; };
		1E433D560F833A51001FC357 /* URLShrink.framework in CopyFiles */ = {isa = PBXBuildFile; fileRef = 1E433D3B0F8339CB001FC357 /* URLShrink.framework */; };
		1E433D5D0F833A58001FC357 /* URLShrink.framework in Frameworks */ = {isa = PBXBuildFile; fileRef = 1E433D3B0F8339CB001FC357 /* URLShrink.framework */; };
		1E433D9C0F833B2B001FC357 /* USIncludes.h in Headers */ = {isa = PBXBuildFile; fileRef = AA796C610F81386500D9C477 /* USIncludes.h */; };
		1E433D9E0F833B2B001FC357 /* USLoopbackShrinker.h in Headers */ = {isa = PBXBuildFile; fileRef = AA796D3A0F8144E200D9C477 /* USLoopbackShrinker.h */; };
		1E433D9F0F833B2B001FC357 /* USIsGdShrinker.h in Headers */ = {isa = PBXBuildFile; fileRef = AA796C850F813BB100D9C477 /* USIsGdShrinker.h */; };
		1E433DA00F833B2B001FC357 /* USURLShrinker.h in Headers */ = {isa = PBXBuildFile; fileRef = AA796A870F811D1800D9C477 /* USURLShrinker.h */; };
		1E433DA10F833B2B001FC357 /* USTinyurlShrinker.h in Headers */ = {isa = PBXBuildFile; fileRef = 1E8D94E00F81808200C77274 /* USTinyurlShrinker.h */; };
		1E433DA20F833B2B001FC357 /* USShrinkController.h in Headers */ = {isa = PBXBuildFile; fileRef = AA796C3A0F8130EE00D9C477 /* USShrinkController.h */; };
		1E433DA40F833B39001FC357 /* USLoopbackShrinker.m in Sources */ = {isa = PBXBuildFile; fileRef = AA796D3B0F8144E200D9C477 /* USLoopbackShrinker.m */; };
		1E433DA50F833B39001FC357 /* USIsGdShrinker.m in Sources */ = {isa = PBXBuildFile; fileRef = AA796C860F813BB100D9C477 /* USIsGdShrinker.m */; };
		1E433DA60F833B39001FC357 /* USTinyurlShrinker.m in Sources */ = {isa = PBXBuildFile; fileRef = 1E8D94E10F81808200C77274 /* USTinyurlShrinker.m */; };
		1E433DA70F833B39001FC357 /* USURLShrinker.m in Sources */ = {isa = PBXBuildFile; fileRef = AA796A880F811D1800D9C477 /* USURLShrinker.m */; };
		1E433DA80F833B39001FC357 /* USShrinkController.m in Sources */ = {isa = PBXBuildFile; fileRef = AA796C3B0F8130EE00D9C477 /* USShrinkController.m */; };
		1E8D94E30F81808200C77274 /* USTinyurlShrinker.m in Sources */ = {isa = PBXBuildFile; fileRef = 1E8D94E10F81808200C77274 /* USTinyurlShrinker.m */; };
		1E8D958C0F818BD600C77274 /* USSettingsController.m in Sources */ = {isa = PBXBuildFile; fileRef = 1E8D958B0F818BD600C77274 /* USSettingsController.m */; };
		1E8D958F0F818C3700C77274 /* Settings.xib in Resources */ = {isa = PBXBuildFile; fileRef = 1E8D958D0F818C3700C77274 /* Settings.xib */; };
		1E8D987E0F81DEFA00C77274 /* MAAttachedWindow.m in Sources */ = {isa = PBXBuildFile; fileRef = 1E8D987D0F81DEFA00C77274 /* MAAttachedWindow.m */; };
		1E8D98B30F81E6E600C77274 /* clipboard.png in Resources */ = {isa = PBXBuildFile; fileRef = 1E8D98B20F81E6E600C77274 /* clipboard.png */; };
		1EC4BA110F87373600E91EEC /* USDiggShrinker.h in Headers */ = {isa = PBXBuildFile; fileRef = 1EC4BA0F0F87373600E91EEC /* USDiggShrinker.h */; };
		1EC4BA120F87373600E91EEC /* USDiggShrinker.m in Sources */ = {isa = PBXBuildFile; fileRef = 1EC4BA100F87373600E91EEC /* USDiggShrinker.m */; };
		1EC4BA130F87373600E91EEC /* USDiggShrinker.h in Headers */ = {isa = PBXBuildFile; fileRef = 1EC4BA0F0F87373600E91EEC /* USDiggShrinker.h */; };
		1EC4BA140F87373600E91EEC /* USDiggShrinker.m in Sources */ = {isa = PBXBuildFile; fileRef = 1EC4BA100F87373600E91EEC /* USDiggShrinker.m */; };
		1EC4BB1D0F87423B00E91EEC /* TCDownload.h in Headers */ = {isa = PBXBuildFile; fileRef = 1EC4BB1B0F87423B00E91EEC /* TCDownload.h */; };
		1EC4BB1E0F87423B00E91EEC /* TCDownload.m in Sources */ = {isa = PBXBuildFile; fileRef = 1EC4BB1C0F87423B00E91EEC /* TCDownload.m */; };
		1EC4BB380F87423B00E91EEC /* TCDownload.h in Headers */ = {isa = PBXBuildFile; fileRef = 1EC4BB1B0F87423B00E91EEC /* TCDownload.h */; };
		1EC4BB390F87423B00E91EEC /* TCDownload.m in Sources */ = {isa = PBXBuildFile; fileRef = 1EC4BB1C0F87423B00E91EEC /* TCDownload.m */; };
		1EC4BB7B0F87D8C400E91EEC /* USTrImShrinker.h in Headers */ = {isa = PBXBuildFile; fileRef = 1EC4BB790F87D8C400E91EEC /* USTrImShrinker.h */; };
		1EC4BB7C0F87D8C400E91EEC /* USTrImShrinker.m in Sources */ = {isa = PBXBuildFile; fileRef = 1EC4BB7A0F87D8C400E91EEC /* USTrImShrinker.m */; };
		1EC4BB7D0F87D8C400E91EEC /* USTrImShrinker.h in Headers */ = {isa = PBXBuildFile; fileRef = 1EC4BB790F87D8C400E91EEC /* USTrImShrinker.h */; };
		1EC4BB7E0F87D8C400E91EEC /* USTrImShrinker.m in Sources */ = {isa = PBXBuildFile; fileRef = 1EC4BB7A0F87D8C400E91EEC /* USTrImShrinker.m */; };
		8D11072B0486CEB800E47090 /* InfoPlist.strings in Resources */ = {isa = PBXBuildFile; fileRef = 089C165CFE840E0CC02AAC07 /* InfoPlist.strings */; };
		8D11072D0486CEB800E47090 /* main.m in Sources */ = {isa = PBXBuildFile; fileRef = 29B97316FDCFA39411CA2CEA /* main.m */; settings = {ATTRIBUTES = (); }; };
		8D11072F0486CEB800E47090 /* Cocoa.framework in Frameworks */ = {isa = PBXBuildFile; fileRef = 1058C7A1FEA54F0111CA2CBB /* Cocoa.framework */; };
		AA796A8C0F811D2900D9C477 /* USAppController.m in Sources */ = {isa = PBXBuildFile; fileRef = AA796A8B0F811D2900D9C477 /* USAppController.m */; };
		AA796A8E0F811D6000D9C477 /* Carbon.framework in Frameworks */ = {isa = PBXBuildFile; fileRef = AA796A8D0F811D6000D9C477 /* Carbon.framework */; };
		AA796F990F81550D00D9C477 /* tool_main.m in Sources */ = {isa = PBXBuildFile; fileRef = AA796F980F81550D00D9C477 /* tool_main.m */; };
		AA796F9A0F81554200D9C477 /* Foundation.framework in Frameworks */ = {isa = PBXBuildFile; fileRef = 29B97325FDCFA39411CA2CEA /* Foundation.framework */; };
		AA796FA20F815B7700D9C477 /* USIsGdShrinker.m in Sources */ = {isa = PBXBuildFile; fileRef = AA796C860F813BB100D9C477 /* USIsGdShrinker.m */; };
		AA796FA30F815B7700D9C477 /* USLoopbackShrinker.m in Sources */ = {isa = PBXBuildFile; fileRef = AA796D3B0F8144E200D9C477 /* USLoopbackShrinker.m */; };
		AA796FA40F815B7700D9C477 /* USShrinkController.m in Sources */ = {isa = PBXBuildFile; fileRef = AA796C3B0F8130EE00D9C477 /* USShrinkController.m */; };
		AA796FA50F815B7700D9C477 /* USURLShrinker.m in Sources */ = {isa = PBXBuildFile; fileRef = AA796A880F811D1800D9C477 /* USURLShrinker.m */; };
		B0585F960F9FFF4800BB4A33 /* SDGlobalShortcuts.framework in Frameworks */ = {isa = PBXBuildFile; fileRef = B0585F940F9FFF4800BB4A33 /* SDGlobalShortcuts.framework */; };
		B0585F970F9FFF4800BB4A33 /* ShortcutRecorder.framework in Frameworks */ = {isa = PBXBuildFile; fileRef = B0585F950F9FFF4800BB4A33 /* ShortcutRecorder.framework */; };
		B0585FB00FA000CB00BB4A33 /* SDGlobalShortcuts.framework in CopyFiles */ = {isa = PBXBuildFile; fileRef = B0585F940F9FFF4800BB4A33 /* SDGlobalShortcuts.framework */; };
		B0585FB10FA000CB00BB4A33 /* ShortcutRecorder.framework in CopyFiles */ = {isa = PBXBuildFile; fileRef = B0585F950F9FFF4800BB4A33 /* ShortcutRecorder.framework */; };
/* End PBXBuildFile section */

/* Begin PBXContainerItemProxy section */
		1E433D520F833A38001FC357 /* PBXContainerItemProxy */ = {
			isa = PBXContainerItemProxy;
			containerPortal = 29B97313FDCFA39411CA2CEA /* Project object */;
			proxyType = 1;
			remoteGlobalIDString = 1E433D3A0F8339CB001FC357;
			remoteInfo = URLShrink;
		};
/* End PBXContainerItemProxy section */

/* Begin PBXCopyFilesBuildPhase section */
		1E433D7A0F833A7A001FC357 /* CopyFiles */ = {
			isa = PBXCopyFilesBuildPhase;
			buildActionMask = 2147483647;
			dstPath = "";
			dstSubfolderSpec = 10;
			files = (
				B0585FB00FA000CB00BB4A33 /* SDGlobalShortcuts.framework in CopyFiles */,
				B0585FB10FA000CB00BB4A33 /* ShortcutRecorder.framework in CopyFiles */,
				1E433D560F833A51001FC357 /* URLShrink.framework in CopyFiles */,
			);
			runOnlyForDeploymentPostprocessing = 0;
		};
/* End PBXCopyFilesBuildPhase section */

/* Begin PBXFileReference section */
		089C165DFE840E0CC02AAC07 /* English */ = {isa = PBXFileReference; fileEncoding = 10; lastKnownFileType = text.plist.strings; name = English; path = English.lproj/InfoPlist.strings; sourceTree = "<group>"; };
		1058C7A1FEA54F0111CA2CBB /* Cocoa.framework */ = {isa = PBXFileReference; lastKnownFileType = wrapper.framework; name = Cocoa.framework; path = /System/Library/Frameworks/Cocoa.framework; sourceTree = "<absolute>"; };
		13E42FB307B3F0F600E4EEF1 /* CoreData.framework */ = {isa = PBXFileReference; lastKnownFileType = wrapper.framework; name = CoreData.framework; path = /System/Library/Frameworks/CoreData.framework; sourceTree = "<absolute>"; };
		1DDD58150DA1D0A300B32029 /* English */ = {isa = PBXFileReference; lastKnownFileType = file.xib; name = English; path = English.lproj/MainMenu.xib; sourceTree = "<group>"; };
		1E433D3B0F8339CB001FC357 /* URLShrink.framework */ = {isa = PBXFileReference; explicitFileType = wrapper.framework; includeInIndex = 0; path = URLShrink.framework; sourceTree = BUILT_PRODUCTS_DIR; };
		1E433D3C0F8339CB001FC357 /* URLShrink-Info.plist */ = {isa = PBXFileReference; lastKnownFileType = text.plist.xml; path = "URLShrink-Info.plist"; sourceTree = "<group>"; };
		1E433D980F833B0A001FC357 /* libURLShrink.a */ = {isa = PBXFileReference; explicitFileType = archive.ar; includeInIndex = 0; path = libURLShrink.a; sourceTree = BUILT_PRODUCTS_DIR; };
		1E8D94E00F81808200C77274 /* USTinyurlShrinker.h */ = {isa = PBXFileReference; fileEncoding = 4; lastKnownFileType = sourcecode.c.h; path = USTinyurlShrinker.h; sourceTree = "<group>"; };
		1E8D94E10F81808200C77274 /* USTinyurlShrinker.m */ = {isa = PBXFileReference; fileEncoding = 4; lastKnownFileType = sourcecode.c.objc; path = USTinyurlShrinker.m; sourceTree = "<group>"; };
		1E8D958A0F818BD600C77274 /* USSettingsController.h */ = {isa = PBXFileReference; fileEncoding = 4; lastKnownFileType = sourcecode.c.h; path = USSettingsController.h; sourceTree = "<group>"; };
		1E8D958B0F818BD600C77274 /* USSettingsController.m */ = {isa = PBXFileReference; fileEncoding = 4; lastKnownFileType = sourcecode.c.objc; path = USSettingsController.m; sourceTree = "<group>"; };
		1E8D958E0F818C3700C77274 /* English */ = {isa = PBXFileReference; lastKnownFileType = file.xib; name = English; path = English.lproj/Settings.xib; sourceTree = "<group>"; };
		1E8D987C0F81DEFA00C77274 /* MAAttachedWindow.h */ = {isa = PBXFileReference; fileEncoding = 4; lastKnownFileType = sourcecode.c.h; path = MAAttachedWindow.h; sourceTree = "<group>"; };
		1E8D987D0F81DEFA00C77274 /* MAAttachedWindow.m */ = {isa = PBXFileReference; fileEncoding = 4; lastKnownFileType = sourcecode.c.objc; path = MAAttachedWindow.m; sourceTree = "<group>"; };
		1E8D98B20F81E6E600C77274 /* clipboard.png */ = {isa = PBXFileReference; lastKnownFileType = image.png; path = clipboard.png; sourceTree = "<group>"; };
		1EC4BA0F0F87373600E91EEC /* USDiggShrinker.h */ = {isa = PBXFileReference; fileEncoding = 4; lastKnownFileType = sourcecode.c.h; path = USDiggShrinker.h; sourceTree = "<group>"; };
		1EC4BA100F87373600E91EEC /* USDiggShrinker.m */ = {isa = PBXFileReference; fileEncoding = 4; lastKnownFileType = sourcecode.c.objc; path = USDiggShrinker.m; sourceTree = "<group>"; };
		1EC4BB1B0F87423B00E91EEC /* TCDownload.h */ = {isa = PBXFileReference; fileEncoding = 4; lastKnownFileType = sourcecode.c.h; path = TCDownload.h; sourceTree = "<group>"; };
		1EC4BB1C0F87423B00E91EEC /* TCDownload.m */ = {isa = PBXFileReference; fileEncoding = 4; lastKnownFileType = sourcecode.c.objc; path = TCDownload.m; sourceTree = "<group>"; };
		1EC4BB790F87D8C400E91EEC /* USTrImShrinker.h */ = {isa = PBXFileReference; fileEncoding = 4; lastKnownFileType = sourcecode.c.h; path = USTrImShrinker.h; sourceTree = "<group>"; };
		1EC4BB7A0F87D8C400E91EEC /* USTrImShrinker.m */ = {isa = PBXFileReference; fileEncoding = 4; lastKnownFileType = sourcecode.c.objc; path = USTrImShrinker.m; sourceTree = "<group>"; };
		29B97316FDCFA39411CA2CEA /* main.m */ = {isa = PBXFileReference; fileEncoding = 4; lastKnownFileType = sourcecode.c.objc; path = main.m; sourceTree = "<group>"; };
		29B97324FDCFA39411CA2CEA /* AppKit.framework */ = {isa = PBXFileReference; lastKnownFileType = wrapper.framework; name = AppKit.framework; path = /System/Library/Frameworks/AppKit.framework; sourceTree = "<absolute>"; };
		29B97325FDCFA39411CA2CEA /* Foundation.framework */ = {isa = PBXFileReference; lastKnownFileType = wrapper.framework; name = Foundation.framework; path = /System/Library/Frameworks/Foundation.framework; sourceTree = "<absolute>"; };
		32CA4F630368D1EE00C91783 /* URL Shrink_Prefix.pch */ = {isa = PBXFileReference; fileEncoding = 4; lastKnownFileType = sourcecode.c.h; path = "URL Shrink_Prefix.pch"; sourceTree = "<group>"; };
		8D1107310486CEB800E47090 /* Info.plist */ = {isa = PBXFileReference; fileEncoding = 4; lastKnownFileType = text.plist.xml; path = Info.plist; sourceTree = "<group>"; };
		8D1107320486CEB800E47090 /* URL Shrink.app */ = {isa = PBXFileReference; explicitFileType = wrapper.application; includeInIndex = 0; path = "URL Shrink.app"; sourceTree = BUILT_PRODUCTS_DIR; };
		AA796A870F811D1800D9C477 /* USURLShrinker.h */ = {isa = PBXFileReference; fileEncoding = 4; lastKnownFileType = sourcecode.c.h; path = USURLShrinker.h; sourceTree = "<group>"; };
		AA796A880F811D1800D9C477 /* USURLShrinker.m */ = {isa = PBXFileReference; fileEncoding = 4; lastKnownFileType = sourcecode.c.objc; path = USURLShrinker.m; sourceTree = "<group>"; };
		AA796A8A0F811D2900D9C477 /* USAppController.h */ = {isa = PBXFileReference; fileEncoding = 4; lastKnownFileType = sourcecode.c.h; path = USAppController.h; sourceTree = "<group>"; };
		AA796A8B0F811D2900D9C477 /* USAppController.m */ = {isa = PBXFileReference; fileEncoding = 4; lastKnownFileType = sourcecode.c.objc; path = USAppController.m; sourceTree = "<group>"; };
		AA796A8D0F811D6000D9C477 /* Carbon.framework */ = {isa = PBXFileReference; lastKnownFileType = wrapper.framework; name = Carbon.framework; path = System/Library/Frameworks/Carbon.framework; sourceTree = SDKROOT; };
		AA796C3A0F8130EE00D9C477 /* USShrinkController.h */ = {isa = PBXFileReference; fileEncoding = 4; lastKnownFileType = sourcecode.c.h; path = USShrinkController.h; sourceTree = "<group>"; };
		AA796C3B0F8130EE00D9C477 /* USShrinkController.m */ = {isa = PBXFileReference; fileEncoding = 4; lastKnownFileType = sourcecode.c.objc; path = USShrinkController.m; sourceTree = "<group>"; };
		AA796C610F81386500D9C477 /* USIncludes.h */ = {isa = PBXFileReference; fileEncoding = 4; lastKnownFileType = sourcecode.c.h; path = USIncludes.h; sourceTree = "<group>"; };
		AA796C850F813BB100D9C477 /* USIsGdShrinker.h */ = {isa = PBXFileReference; fileEncoding = 4; lastKnownFileType = sourcecode.c.h; path = USIsGdShrinker.h; sourceTree = "<group>"; };
		AA796C860F813BB100D9C477 /* USIsGdShrinker.m */ = {isa = PBXFileReference; fileEncoding = 4; lastKnownFileType = sourcecode.c.objc; path = USIsGdShrinker.m; sourceTree = "<group>"; };
		AA796D3A0F8144E200D9C477 /* USLoopbackShrinker.h */ = {isa = PBXFileReference; fileEncoding = 4; lastKnownFileType = sourcecode.c.h; path = USLoopbackShrinker.h; sourceTree = "<group>"; };
		AA796D3B0F8144E200D9C477 /* USLoopbackShrinker.m */ = {isa = PBXFileReference; fileEncoding = 4; lastKnownFileType = sourcecode.c.objc; path = USLoopbackShrinker.m; sourceTree = "<group>"; };
		AA796D7E0F81546300D9C477 /* shrink */ = {isa = PBXFileReference; explicitFileType = "compiled.mach-o.executable"; includeInIndex = 0; path = shrink; sourceTree = BUILT_PRODUCTS_DIR; };
		AA796F980F81550D00D9C477 /* tool_main.m */ = {isa = PBXFileReference; fileEncoding = 4; lastKnownFileType = sourcecode.c.objc; path = tool_main.m; sourceTree = "<group>"; };
		B0585F940F9FFF4800BB4A33 /* SDGlobalShortcuts.framework */ = {isa = PBXFileReference; lastKnownFileType = wrapper.framework; name = SDGlobalShortcuts.framework; path = Frameworks/SDGlobalShortcuts.framework; sourceTree = "<group>"; };
		B0585F950F9FFF4800BB4A33 /* ShortcutRecorder.framework */ = {isa = PBXFileReference; lastKnownFileType = wrapper.framework; name = ShortcutRecorder.framework; path = Frameworks/ShortcutRecorder.framework; sourceTree = "<group>"; };
/* End PBXFileReference section */

/* Begin PBXFrameworksBuildPhase section */
		1E433D390F8339CB001FC357 /* Frameworks */ = {
			isa = PBXFrameworksBuildPhase;
			buildActionMask = 2147483647;
			files = (
				1E433D4D0F8339F7001FC357 /* Cocoa.framework in Frameworks */,
			);
			runOnlyForDeploymentPostprocessing = 0;
		};
		1E433D960F833B0A001FC357 /* Frameworks */ = {
			isa = PBXFrameworksBuildPhase;
			buildActionMask = 2147483647;
			files = (
			);
			runOnlyForDeploymentPostprocessing = 0;
		};
		8D11072E0486CEB800E47090 /* Frameworks */ = {
			isa = PBXFrameworksBuildPhase;
			buildActionMask = 2147483647;
			files = (
				1E433D5D0F833A58001FC357 /* URLShrink.framework in Frameworks */,
				8D11072F0486CEB800E47090 /* Cocoa.framework in Frameworks */,
				AA796A8E0F811D6000D9C477 /* Carbon.framework in Frameworks */,
				B0585F960F9FFF4800BB4A33 /* SDGlobalShortcuts.framework in Frameworks */,
				B0585F970F9FFF4800BB4A33 /* ShortcutRecorder.framework in Frameworks */,
			);
			runOnlyForDeploymentPostprocessing = 0;
		};
		AA796D7C0F81546300D9C477 /* Frameworks */ = {
			isa = PBXFrameworksBuildPhase;
			buildActionMask = 2147483647;
			files = (
				AA796F9A0F81554200D9C477 /* Foundation.framework in Frameworks */,
			);
			runOnlyForDeploymentPostprocessing = 0;
		};
/* End PBXFrameworksBuildPhase section */

/* Begin PBXGroup section */
		080E96DDFE201D6D7F000001 /* Classes */ = {
			isa = PBXGroup;
			children = (
				1EC4B9680F872AAA00E91EEC /* Core */,
				1EC4BAF10F87423B00E91EEC /* SSCore */,
				1EC4B9660F872A9700E91EEC /* Handlers */,
				1E8D95890F818B8A00C77274 /* Settings */,
				AA796A8A0F811D2900D9C477 /* USAppController.h */,
				AA796A8B0F811D2900D9C477 /* USAppController.m */,
			);
			path = Classes;
			sourceTree = "<group>";
		};
		19C28FACFE9D520D11CA2CBB /* Products */ = {
			isa = PBXGroup;
			children = (
				8D1107320486CEB800E47090 /* URL Shrink.app */,
				AA796D7E0F81546300D9C477 /* shrink */,
				1E433D3B0F8339CB001FC357 /* URLShrink.framework */,
				1E433D980F833B0A001FC357 /* libURLShrink.a */,
			);
			name = Products;
			sourceTree = "<group>";
		};
		1E433DAA0F833B45001FC357 /* Mac */ = {
			isa = PBXGroup;
			children = (
				B0585F940F9FFF4800BB4A33 /* SDGlobalShortcuts.framework */,
				B0585F950F9FFF4800BB4A33 /* ShortcutRecorder.framework */,
				29B97324FDCFA39411CA2CEA /* AppKit.framework */,
				13E42FB307B3F0F600E4EEF1 /* CoreData.framework */,
				29B97325FDCFA39411CA2CEA /* Foundation.framework */,
				AA796A8D0F811D6000D9C477 /* Carbon.framework */,
				1058C7A1FEA54F0111CA2CBB /* Cocoa.framework */,
			);
			name = Mac;
			sourceTree = "<group>";
		};
		1E433FB10F833B60001FC357 /* iPhone */ = {
			isa = PBXGroup;
			children = (
			);
			name = iPhone;
			sourceTree = "<group>";
		};
		1E8D95890F818B8A00C77274 /* Settings */ = {
			isa = PBXGroup;
			children = (
				1E8D987C0F81DEFA00C77274 /* MAAttachedWindow.h */,
				1E8D987D0F81DEFA00C77274 /* MAAttachedWindow.m */,
				1E8D958A0F818BD600C77274 /* USSettingsController.h */,
				1E8D958B0F818BD600C77274 /* USSettingsController.m */,
			);
			path = Settings;
			sourceTree = "<group>";
		};
		1EC4B9650F872A8F00E91EEC /* Loopback */ = {
			isa = PBXGroup;
			children = (
				AA796D3A0F8144E200D9C477 /* USLoopbackShrinker.h */,
				AA796D3B0F8144E200D9C477 /* USLoopbackShrinker.m */,
			);
			path = Loopback;
			sourceTree = "<group>";
		};
		1EC4B9660F872A9700E91EEC /* Handlers */ = {
			isa = PBXGroup;
			children = (
				1EC4BB6E0F87D80C00E91EEC /* Bit.ly */,
				1EC4BB6D0F87D7FF00E91EEC /* Tr.im */,
				1EC4BA060F87371B00E91EEC /* Digg */,
				1EC4B9690F872ABC00E91EEC /* Tinyurl */,
				1EC4B9670F872AA200E91EEC /* Is.gd */,
				1EC4B9650F872A8F00E91EEC /* Loopback */,
			);
			path = Handlers;
			sourceTree = "<group>";
		};
		1EC4B9670F872AA200E91EEC /* Is.gd */ = {
			isa = PBXGroup;
			children = (
				AA796C850F813BB100D9C477 /* USIsGdShrinker.h */,
				AA796C860F813BB100D9C477 /* USIsGdShrinker.m */,
			);
			path = Is.gd;
			sourceTree = "<group>";
		};
		1EC4B9680F872AAA00E91EEC /* Core */ = {
			isa = PBXGroup;
			children = (
				AA796C610F81386500D9C477 /* USIncludes.h */,
				AA796A870F811D1800D9C477 /* USURLShrinker.h */,
				AA796A880F811D1800D9C477 /* USURLShrinker.m */,
				AA796C3A0F8130EE00D9C477 /* USShrinkController.h */,
				AA796C3B0F8130EE00D9C477 /* USShrinkController.m */,
			);
			path = Core;
			sourceTree = "<group>";
		};
		1EC4B9690F872ABC00E91EEC /* Tinyurl */ = {
			isa = PBXGroup;
			children = (
				1E8D94E00F81808200C77274 /* USTinyurlShrinker.h */,
				1E8D94E10F81808200C77274 /* USTinyurlShrinker.m */,
			);
			path = Tinyurl;
			sourceTree = "<group>";
		};
		1EC4BA060F87371B00E91EEC /* Digg */ = {
			isa = PBXGroup;
			children = (
				1EC4BA0F0F87373600E91EEC /* USDiggShrinker.h */,
				1EC4BA100F87373600E91EEC /* USDiggShrinker.m */,
			);
			path = Digg;
			sourceTree = "<group>";
		};
		1EC4BAF10F87423B00E91EEC /* SSCore */ = {
			isa = PBXGroup;
			children = (
				1EC4BB1B0F87423B00E91EEC /* TCDownload.h */,
				1EC4BB1C0F87423B00E91EEC /* TCDownload.m */,
			);
			path = SSCore;
			sourceTree = "<group>";
		};
		1EC4BB6D0F87D7FF00E91EEC /* Tr.im */ = {
			isa = PBXGroup;
			children = (
				1EC4BB790F87D8C400E91EEC /* USTrImShrinker.h */,
				1EC4BB7A0F87D8C400E91EEC /* USTrImShrinker.m */,
			);
			path = Tr.im;
			sourceTree = "<group>";
		};
		1EC4BB6E0F87D80C00E91EEC /* Bit.ly */ = {
			isa = PBXGroup;
			children = (
			);
			path = Bit.ly;
			sourceTree = "<group>";
		};
		29B97314FDCFA39411CA2CEA /* URL Shrink */ = {
			isa = PBXGroup;
			children = (
				080E96DDFE201D6D7F000001 /* Classes */,
				29B97315FDCFA39411CA2CEA /* Other Sources */,
				29B97317FDCFA39411CA2CEA /* Resources */,
				29B97323FDCFA39411CA2CEA /* Frameworks */,
				19C28FACFE9D520D11CA2CBB /* Products */,
			);
			name = "URL Shrink";
			sourceTree = "<group>";
		};
		29B97315FDCFA39411CA2CEA /* Other Sources */ = {
			isa = PBXGroup;
			children = (
				32CA4F630368D1EE00C91783 /* URL Shrink_Prefix.pch */,
				29B97316FDCFA39411CA2CEA /* main.m */,
				AA796F980F81550D00D9C477 /* tool_main.m */,
			);
			name = "Other Sources";
			sourceTree = "<group>";
		};
		29B97317FDCFA39411CA2CEA /* Resources */ = {
			isa = PBXGroup;
			children = (
				1E433D3C0F8339CB001FC357 /* URLShrink-Info.plist */,
				1E8D958D0F818C3700C77274 /* Settings.xib */,
				1E8D98B20F81E6E600C77274 /* clipboard.png */,
				8D1107310486CEB800E47090 /* Info.plist */,
				089C165CFE840E0CC02AAC07 /* InfoPlist.strings */,
				1DDD58140DA1D0A300B32029 /* MainMenu.xib */,
			);
			name = Resources;
			sourceTree = "<group>";
		};
		29B97323FDCFA39411CA2CEA /* Frameworks */ = {
			isa = PBXGroup;
			children = (
				1E433FB10F833B60001FC357 /* iPhone */,
				1E433DAA0F833B45001FC357 /* Mac */,
			);
			name = Frameworks;
			sourceTree = "<group>";
		};
/* End PBXGroup section */

/* Begin PBXHeadersBuildPhase section */
		1E433D360F8339CB001FC357 /* Headers */ = {
			isa = PBXHeadersBuildPhase;
			buildActionMask = 2147483647;
			files = (
				1E433D400F8339DD001FC357 /* USURLShrinker.h in Headers */,
				1E433D440F8339DD001FC357 /* USShrinkController.h in Headers */,
				1E433D460F8339DD001FC357 /* USIncludes.h in Headers */,
				1E433D470F8339DD001FC357 /* USIsGdShrinker.h in Headers */,
				1E433D490F8339DD001FC357 /* USLoopbackShrinker.h in Headers */,
				1E433D4B0F8339DD001FC357 /* USTinyurlShrinker.h in Headers */,
				1EC4BA110F87373600E91EEC /* USDiggShrinker.h in Headers */,
				1EC4BB380F87423B00E91EEC /* TCDownload.h in Headers */,
				1EC4BB7B0F87D8C400E91EEC /* USTrImShrinker.h in Headers */,
			);
			runOnlyForDeploymentPostprocessing = 0;
		};
		1E433D940F833B0A001FC357 /* Headers */ = {
			isa = PBXHeadersBuildPhase;
			buildActionMask = 2147483647;
			files = (
				1E433D9C0F833B2B001FC357 /* USIncludes.h in Headers */,
				1E433D9E0F833B2B001FC357 /* USLoopbackShrinker.h in Headers */,
				1E433D9F0F833B2B001FC357 /* USIsGdShrinker.h in Headers */,
				1E433DA00F833B2B001FC357 /* USURLShrinker.h in Headers */,
				1E433DA10F833B2B001FC357 /* USTinyurlShrinker.h in Headers */,
				1E433DA20F833B2B001FC357 /* USShrinkController.h in Headers */,
				1EC4BA130F87373600E91EEC /* USDiggShrinker.h in Headers */,
				1EC4BB1D0F87423B00E91EEC /* TCDownload.h in Headers */,
				1EC4BB7D0F87D8C400E91EEC /* USTrImShrinker.h in Headers */,
			);
			runOnlyForDeploymentPostprocessing = 0;
		};
/* End PBXHeadersBuildPhase section */

/* Begin PBXNativeTarget section */
		1E433D3A0F8339CB001FC357 /* URLShrink.framework */ = {
			isa = PBXNativeTarget;
			buildConfigurationList = 1E433D3F0F8339CD001FC357 /* Build configuration list for PBXNativeTarget "URLShrink.framework" */;
			buildPhases = (
				1E433D360F8339CB001FC357 /* Headers */,
				1E433D370F8339CB001FC357 /* Resources */,
				1E433D380F8339CB001FC357 /* Sources */,
				1E433D390F8339CB001FC357 /* Frameworks */,
			);
			buildRules = (
			);
			dependencies = (
			);
			name = URLShrink.framework;
			productName = URLShrink;
			productReference = 1E433D3B0F8339CB001FC357 /* URLShrink.framework */;
			productType = "com.apple.product-type.framework";
		};
		1E433D970F833B0A001FC357 /* libURLShrink.a */ = {
			isa = PBXNativeTarget;
			buildConfigurationList = 1E433DAB0F833B45001FC357 /* Build configuration list for PBXNativeTarget "libURLShrink.a" */;
			buildPhases = (
				1E433D940F833B0A001FC357 /* Headers */,
				1E433D950F833B0A001FC357 /* Sources */,
				1E433D960F833B0A001FC357 /* Frameworks */,
			);
			buildRules = (
			);
			dependencies = (
			);
			name = libURLShrink.a;
			productName = URLShrink;
			productReference = 1E433D980F833B0A001FC357 /* libURLShrink.a */;
			productType = "com.apple.product-type.library.static";
		};
		8D1107260486CEB800E47090 /* URL Shrink */ = {
			isa = PBXNativeTarget;
			buildConfigurationList = C01FCF4A08A954540054247B /* Build configuration list for PBXNativeTarget "URL Shrink" */;
			buildPhases = (
				1E433D7A0F833A7A001FC357 /* CopyFiles */,
				8D1107290486CEB800E47090 /* Resources */,
				8D11072C0486CEB800E47090 /* Sources */,
				8D11072E0486CEB800E47090 /* Frameworks */,
			);
			buildRules = (
			);
			dependencies = (
				1E433D530F833A38001FC357 /* PBXTargetDependency */,
			);
			name = "URL Shrink";
			productInstallPath = "$(HOME)/Applications";
			productName = "URL Shrink";
			productReference = 8D1107320486CEB800E47090 /* URL Shrink.app */;
			productType = "com.apple.product-type.application";
		};
		AA796D7D0F81546300D9C477 /* shrink */ = {
			isa = PBXNativeTarget;
			buildConfigurationList = AA796E4A0F81547700D9C477 /* Build configuration list for PBXNativeTarget "shrink" */;
			buildPhases = (
				AA796D7B0F81546300D9C477 /* Sources */,
				AA796D7C0F81546300D9C477 /* Frameworks */,
			);
			buildRules = (
			);
			dependencies = (
			);
			name = shrink;
			productName = shrink;
			productReference = AA796D7E0F81546300D9C477 /* shrink */;
			productType = "com.apple.product-type.tool";
		};
/* End PBXNativeTarget section */

/* Begin PBXProject section */
		29B97313FDCFA39411CA2CEA /* Project object */ = {
			isa = PBXProject;
			buildConfigurationList = C01FCF4E08A954540054247B /* Build configuration list for PBXProject "URL Shrink" */;
			compatibilityVersion = "Xcode 3.1";
			hasScannedForEncodings = 1;
			mainGroup = 29B97314FDCFA39411CA2CEA /* URL Shrink */;
			projectDirPath = "";
			projectRoot = "";
			targets = (
				8D1107260486CEB800E47090 /* URL Shrink */,
				AA796D7D0F81546300D9C477 /* shrink */,
				1E433D3A0F8339CB001FC357 /* URLShrink.framework */,
				1E433D970F833B0A001FC357 /* libURLShrink.a */,
			);
		};
/* End PBXProject section */

/* Begin PBXResourcesBuildPhase section */
		1E433D370F8339CB001FC357 /* Resources */ = {
			isa = PBXResourcesBuildPhase;
			buildActionMask = 2147483647;
			files = (
			);
			runOnlyForDeploymentPostprocessing = 0;
		};
		8D1107290486CEB800E47090 /* Resources */ = {
			isa = PBXResourcesBuildPhase;
			buildActionMask = 2147483647;
			files = (
				8D11072B0486CEB800E47090 /* InfoPlist.strings in Resources */,
				1DDD58160DA1D0A300B32029 /* MainMenu.xib in Resources */,
				1E8D958F0F818C3700C77274 /* Settings.xib in Resources */,
				1E8D98B30F81E6E600C77274 /* clipboard.png in Resources */,
			);
			runOnlyForDeploymentPostprocessing = 0;
		};
/* End PBXResourcesBuildPhase section */

/* Begin PBXSourcesBuildPhase section */
		1E433D380F8339CB001FC357 /* Sources */ = {
			isa = PBXSourcesBuildPhase;
			buildActionMask = 2147483647;
			files = (
				1E433D410F8339DD001FC357 /* USURLShrinker.m in Sources */,
				1E433D450F8339DD001FC357 /* USShrinkController.m in Sources */,
				1E433D480F8339DD001FC357 /* USIsGdShrinker.m in Sources */,
				1E433D4A0F8339DD001FC357 /* USLoopbackShrinker.m in Sources */,
				1E433D4C0F8339DD001FC357 /* USTinyurlShrinker.m in Sources */,
				1EC4BA120F87373600E91EEC /* USDiggShrinker.m in Sources */,
				1EC4BB390F87423B00E91EEC /* TCDownload.m in Sources */,
				1EC4BB7C0F87D8C400E91EEC /* USTrImShrinker.m in Sources */,
			);
			runOnlyForDeploymentPostprocessing = 0;
		};
		1E433D950F833B0A001FC357 /* Sources */ = {
			isa = PBXSourcesBuildPhase;
			buildActionMask = 2147483647;
			files = (
				1E433DA40F833B39001FC357 /* USLoopbackShrinker.m in Sources */,
				1E433DA50F833B39001FC357 /* USIsGdShrinker.m in Sources */,
				1E433DA60F833B39001FC357 /* USTinyurlShrinker.m in Sources */,
				1E433DA70F833B39001FC357 /* USURLShrinker.m in Sources */,
				1E433DA80F833B39001FC357 /* USShrinkController.m in Sources */,
				1EC4BA140F87373600E91EEC /* USDiggShrinker.m in Sources */,
				1EC4BB1E0F87423B00E91EEC /* TCDownload.m in Sources */,
				1EC4BB7E0F87D8C400E91EEC /* USTrImShrinker.m in Sources */,
			);
			runOnlyForDeploymentPostprocessing = 0;
		};
		8D11072C0486CEB800E47090 /* Sources */ = {
			isa = PBXSourcesBuildPhase;
			buildActionMask = 2147483647;
			files = (
				8D11072D0486CEB800E47090 /* main.m in Sources */,
				AA796A8C0F811D2900D9C477 /* USAppController.m in Sources */,
				1E8D958C0F818BD600C77274 /* USSettingsController.m in Sources */,
				1E8D987E0F81DEFA00C77274 /* MAAttachedWindow.m in Sources */,
			);
			runOnlyForDeploymentPostprocessing = 0;
		};
		AA796D7B0F81546300D9C477 /* Sources */ = {
			isa = PBXSourcesBuildPhase;
			buildActionMask = 2147483647;
			files = (
				AA796FA20F815B7700D9C477 /* USIsGdShrinker.m in Sources */,
				AA796FA30F815B7700D9C477 /* USLoopbackShrinker.m in Sources */,
				AA796FA40F815B7700D9C477 /* USShrinkController.m in Sources */,
				AA796FA50F815B7700D9C477 /* USURLShrinker.m in Sources */,
				AA796F990F81550D00D9C477 /* tool_main.m in Sources */,
				1E8D94E30F81808200C77274 /* USTinyurlShrinker.m in Sources */,
			);
			runOnlyForDeploymentPostprocessing = 0;
		};
/* End PBXSourcesBuildPhase section */

/* Begin PBXTargetDependency section */
		1E433D530F833A38001FC357 /* PBXTargetDependency */ = {
			isa = PBXTargetDependency;
			target = 1E433D3A0F8339CB001FC357 /* URLShrink.framework */;
			targetProxy = 1E433D520F833A38001FC357 /* PBXContainerItemProxy */;
		};
/* End PBXTargetDependency section */

/* Begin PBXVariantGroup section */
		089C165CFE840E0CC02AAC07 /* InfoPlist.strings */ = {
			isa = PBXVariantGroup;
			children = (
				089C165DFE840E0CC02AAC07 /* English */,
			);
			name = InfoPlist.strings;
			sourceTree = "<group>";
		};
		1DDD58140DA1D0A300B32029 /* MainMenu.xib */ = {
			isa = PBXVariantGroup;
			children = (
				1DDD58150DA1D0A300B32029 /* English */,
			);
			name = MainMenu.xib;
			sourceTree = "<group>";
		};
		1E8D958D0F818C3700C77274 /* Settings.xib */ = {
			isa = PBXVariantGroup;
			children = (
				1E8D958E0F818C3700C77274 /* English */,
			);
			name = Settings.xib;
			sourceTree = "<group>";
		};
/* End PBXVariantGroup section */

/* Begin XCBuildConfiguration section */
		1E433D3D0F8339CD001FC357 /* Debug */ = {
			isa = XCBuildConfiguration;
			buildSettings = {
				ALWAYS_SEARCH_USER_PATHS = NO;
				COPY_PHASE_STRIP = NO;
				DYLIB_COMPATIBILITY_VERSION = 1;
				DYLIB_CURRENT_VERSION = 1;
				FRAMEWORK_VERSION = A;
				GCC_DYNAMIC_NO_PIC = NO;
				GCC_ENABLE_FIX_AND_CONTINUE = YES;
				GCC_MODEL_TUNING = G5;
				GCC_OPTIMIZATION_LEVEL = 0;
				GCC_PRECOMPILE_PREFIX_HEADER = YES;
				GCC_PREFIX_HEADER = "$(SYSTEM_LIBRARY_DIR)/Frameworks/AppKit.framework/Headers/AppKit.h";
				INFOPLIST_FILE = "URLShrink-Info.plist";
				INSTALL_PATH = "@executable_path/../Frameworks";
				OTHER_LDFLAGS = (
					"-framework",
					Foundation,
					"-framework",
					AppKit,
				);
				PREBINDING = NO;
				PRODUCT_NAME = URLShrink;
			};
			name = Debug;
		};
		1E433D3E0F8339CD001FC357 /* Release */ = {
			isa = XCBuildConfiguration;
			buildSettings = {
				ALWAYS_SEARCH_USER_PATHS = NO;
				COPY_PHASE_STRIP = YES;
				DEBUG_INFORMATION_FORMAT = "dwarf-with-dsym";
				DYLIB_COMPATIBILITY_VERSION = 1;
				DYLIB_CURRENT_VERSION = 1;
				FRAMEWORK_VERSION = A;
				GCC_ENABLE_FIX_AND_CONTINUE = NO;
				GCC_MODEL_TUNING = G5;
				GCC_PRECOMPILE_PREFIX_HEADER = YES;
				GCC_PREFIX_HEADER = "$(SYSTEM_LIBRARY_DIR)/Frameworks/AppKit.framework/Headers/AppKit.h";
				INFOPLIST_FILE = "URLShrink-Info.plist";
				INSTALL_PATH = "@executable_path/../Frameworks";
				OTHER_LDFLAGS = (
					"-framework",
					Foundation,
					"-framework",
					AppKit,
				);
				PREBINDING = NO;
				PRODUCT_NAME = URLShrink;
				ZERO_LINK = NO;
			};
			name = Release;
		};
		1E433D9A0F833B0B001FC357 /* Debug */ = {
			isa = XCBuildConfiguration;
			buildSettings = {
				ALWAYS_SEARCH_USER_PATHS = NO;
				COPY_PHASE_STRIP = NO;
				GCC_DYNAMIC_NO_PIC = NO;
				GCC_OPTIMIZATION_LEVEL = 0;
				OTHER_LDFLAGS = (
					"-framework",
					"$(SDKROOT)/System/Library/Frameworks/Foundation.framework",
				);
				PREBINDING = NO;
				PRODUCT_NAME = URLShrink;
			};
			name = Debug;
		};
		1E433D9B0F833B0B001FC357 /* Release */ = {
			isa = XCBuildConfiguration;
			buildSettings = {
				ALWAYS_SEARCH_USER_PATHS = NO;
				COPY_PHASE_STRIP = YES;
				DEBUG_INFORMATION_FORMAT = "dwarf-with-dsym";
				GCC_ENABLE_FIX_AND_CONTINUE = NO;
				OTHER_LDFLAGS = (
					"-framework",
					"$(SDKROOT)/System/Library/Frameworks/Foundation.framework",
				);
				PREBINDING = NO;
				PRODUCT_NAME = URLShrink;
				ZERO_LINK = NO;
			};
			name = Release;
		};
		AA796D800F81546400D9C477 /* Debug */ = {
			isa = XCBuildConfiguration;
			buildSettings = {
				ALWAYS_SEARCH_USER_PATHS = NO;
				COPY_PHASE_STRIP = NO;
				GCC_DYNAMIC_NO_PIC = NO;
				GCC_ENABLE_FIX_AND_CONTINUE = YES;
				GCC_MODEL_TUNING = G5;
				GCC_OPTIMIZATION_LEVEL = 0;
				GCC_PRECOMPILE_PREFIX_HEADER = YES;
				GCC_PREFIX_HEADER = "$(SYSTEM_LIBRARY_DIR)/Frameworks/AppKit.framework/Headers/AppKit.h";
				INSTALL_PATH = /usr/local/bin;
				OTHER_LDFLAGS = (
					"-framework",
					Foundation,
					"-framework",
					AppKit,
				);
				PREBINDING = NO;
				PRODUCT_NAME = shrink;
			};
			name = Debug;
		};
		AA796D810F81546400D9C477 /* Release */ = {
			isa = XCBuildConfiguration;
			buildSettings = {
				ALWAYS_SEARCH_USER_PATHS = NO;
				COPY_PHASE_STRIP = YES;
				DEBUG_INFORMATION_FORMAT = "dwarf-with-dsym";
				GCC_ENABLE_FIX_AND_CONTINUE = NO;
				GCC_MODEL_TUNING = G5;
				GCC_PRECOMPILE_PREFIX_HEADER = YES;
				GCC_PREFIX_HEADER = "$(SYSTEM_LIBRARY_DIR)/Frameworks/AppKit.framework/Headers/AppKit.h";
				INSTALL_PATH = /usr/local/bin;
				OTHER_LDFLAGS = (
					"-framework",
					Foundation,
					"-framework",
					AppKit,
				);
				PREBINDING = NO;
				PRODUCT_NAME = shrink;
				ZERO_LINK = NO;
			};
			name = Release;
		};
		C01FCF4B08A954540054247B /* Debug */ = {
			isa = XCBuildConfiguration;
			buildSettings = {
				ALWAYS_SEARCH_USER_PATHS = NO;
				COPY_PHASE_STRIP = NO;
				FRAMEWORK_SEARCH_PATHS = (
					"$(inherited)",
					"\"$(SRCROOT)/Frameworks\"",
				);
				GCC_DYNAMIC_NO_PIC = NO;
				GCC_ENABLE_FIX_AND_CONTINUE = YES;
				GCC_MODEL_TUNING = G5;
				GCC_OPTIMIZATION_LEVEL = 0;
				GCC_PRECOMPILE_PREFIX_HEADER = YES;
				GCC_PREFIX_HEADER = "URL Shrink_Prefix.pch";
				INFOPLIST_FILE = Info.plist;
				INSTALL_PATH = "$(HOME)/Applications";
				PRODUCT_NAME = "URL Shrink";
			};
			name = Debug;
		};
		C01FCF4C08A954540054247B /* Release */ = {
			isa = XCBuildConfiguration;
			buildSettings = {
				ALWAYS_SEARCH_USER_PATHS = NO;
				DEBUG_INFORMATION_FORMAT = "dwarf-with-dsym";
				FRAMEWORK_SEARCH_PATHS = (
					"$(inherited)",
					"\"$(SRCROOT)/Frameworks\"",
				);
				GCC_MODEL_TUNING = G5;
				GCC_PRECOMPILE_PREFIX_HEADER = YES;
				GCC_PREFIX_HEADER = "URL Shrink_Prefix.pch";
				INFOPLIST_FILE = Info.plist;
				INSTALL_PATH = "$(HOME)/Applications";
				PRODUCT_NAME = "URL Shrink";
			};
			name = Release;
		};
		C01FCF4F08A954540054247B /* Debug */ = {
			isa = XCBuildConfiguration;
			buildSettings = {
				ARCHS = "$(ARCHS_STANDARD_32_BIT)";
				GCC_C_LANGUAGE_STANDARD = c99;
				GCC_OPTIMIZATION_LEVEL = 0;
				GCC_WARN_ABOUT_RETURN_TYPE = YES;
				GCC_WARN_UNUSED_VARIABLE = YES;
				ONLY_ACTIVE_ARCH = YES;
				PREBINDING = NO;
				SDKROOT = macosx10.5;
			};
			name = Debug;
		};
		C01FCF5008A954540054247B /* Release */ = {
			isa = XCBuildConfiguration;
			buildSettings = {
				ARCHS = "$(ARCHS_STANDARD_32_BIT)";
				GCC_C_LANGUAGE_STANDARD = c99;
				GCC_WARN_ABOUT_RETURN_TYPE = YES;
				GCC_WARN_UNUSED_VARIABLE = YES;
				PREBINDING = NO;
				SDKROOT = macosx10.5;
			};
			name = Release;
		};
/* End XCBuildConfiguration section */

/* Begin XCConfigurationList section */
		1E433D3F0F8339CD001FC357 /* Build configuration list for PBXNativeTarget "URLShrink.framework" */ = {
			isa = XCConfigurationList;
			buildConfigurations = (
				1E433D3D0F8339CD001FC357 /* Debug */,
				1E433D3E0F8339CD001FC357 /* Release */,
			);
			defaultConfigurationIsVisible = 0;
			defaultConfigurationName = Release;
		};
		1E433DAB0F833B45001FC357 /* Build configuration list for PBXNativeTarget "libURLShrink.a" */ = {
			isa = XCConfigurationList;
			buildConfigurations = (
				1E433D9A0F833B0B001FC357 /* Debug */,
				1E433D9B0F833B0B001FC357 /* Release */,
			);
			defaultConfigurationIsVisible = 0;
			defaultConfigurationName = Release;
		};
		AA796E4A0F81547700D9C477 /* Build configuration list for PBXNativeTarget "shrink" */ = {
			isa = XCConfigurationList;
			buildConfigurations = (
				AA796D800F81546400D9C477 /* Debug */,
				AA796D810F81546400D9C477 /* Release */,
			);
			defaultConfigurationIsVisible = 0;
			defaultConfigurationName = Release;
		};
		C01FCF4A08A954540054247B /* Build configuration list for PBXNativeTarget "URL Shrink" */ = {
			isa = XCConfigurationList;
			buildConfigurations = (
				C01FCF4B08A954540054247B /* Debug */,
				C01FCF4C08A954540054247B /* Release */,
			);
			defaultConfigurationIsVisible = 0;
			defaultConfigurationName = Release;
		};
		C01FCF4E08A954540054247B /* Build configuration list for PBXProject "URL Shrink" */ = {
			isa = XCConfigurationList;
			buildConfigurations = (
				C01FCF4F08A954540054247B /* Debug */,
				C01FCF5008A954540054247B /* Release */,
			);
			defaultConfigurationIsVisible = 0;
			defaultConfigurationName = Release;
		};
/* End XCConfigurationList section */
	};
	rootObject = 29B97313FDCFA39411CA2CEA /* Project object */;
}
